// !$*UTF8*$!
{
	archiveVersion = 1;
	classes = {
	};
	objectVersion = 46;
	objects = {

/* Begin PBXBuildFile section */
		4F12569D1E1EEE3300C1FCBA /* AppDelegate.swift in Sources */ = {isa = PBXBuildFile; fileRef = 4F12569C1E1EEE3300C1FCBA /* AppDelegate.swift */; };
		4F12569F1E1EEE3300C1FCBA /* ViewController.swift in Sources */ = {isa = PBXBuildFile; fileRef = 4F12569E1E1EEE3300C1FCBA /* ViewController.swift */; };
		4F1256A21E1EEE3300C1FCBA /* Main.storyboard in Resources */ = {isa = PBXBuildFile; fileRef = 4F1256A01E1EEE3300C1FCBA /* Main.storyboard */; };
		4F1256A41E1EEE3300C1FCBA /* Assets.xcassets in Resources */ = {isa = PBXBuildFile; fileRef = 4F1256A31E1EEE3300C1FCBA /* Assets.xcassets */; };
		4F1256A71E1EEE3300C1FCBA /* LaunchScreen.storyboard in Resources */ = {isa = PBXBuildFile; fileRef = 4F1256A51E1EEE3300C1FCBA /* LaunchScreen.storyboard */; };
		4F1256AF1E1EEE8E00C1FCBA /* RippleLayer.swift in Sources */ = {isa = PBXBuildFile; fileRef = 4F1256AE1E1EEE8E00C1FCBA /* RippleLayer.swift */; };
/* End PBXBuildFile section */

/* Begin PBXFileReference section */
		4F1256991E1EEE3300C1FCBA /* Ripple-Animation.app */ = {isa = PBXFileReference; explicitFileType = wrapper.application; includeInIndex = 0; path = "Ripple-Animation.app"; sourceTree = BUILT_PRODUCTS_DIR; };
		4F12569C1E1EEE3300C1FCBA /* AppDelegate.swift */ = {isa = PBXFileReference; lastKnownFileType = sourcecode.swift; path = AppDelegate.swift; sourceTree = "<group>"; };
		4F12569E1E1EEE3300C1FCBA /* ViewController.swift */ = {isa = PBXFileReference; lastKnownFileType = sourcecode.swift; path = ViewController.swift; sourceTree = "<group>"; };
		4F1256A11E1EEE3300C1FCBA /* Base */ = {isa = PBXFileReference; lastKnownFileType = file.storyboard; name = Base; path = Base.lproj/Main.storyboard; sourceTree = "<group>"; };
		4F1256A31E1EEE3300C1FCBA /* Assets.xcassets */ = {isa = PBXFileReference; lastKnownFileType = folder.assetcatalog; path = Assets.xcassets; sourceTree = "<group>"; };
		4F1256A61E1EEE3300C1FCBA /* Base */ = {isa = PBXFileReference; lastKnownFileType = file.storyboard; name = Base; path = Base.lproj/LaunchScreen.storyboard; sourceTree = "<group>"; };
		4F1256A81E1EEE3300C1FCBA /* Info.plist */ = {isa = PBXFileReference; lastKnownFileType = text.plist.xml; path = Info.plist; sourceTree = "<group>"; };
		4F1256AE1E1EEE8E00C1FCBA /* RippleLayer.swift */ = {isa = PBXFileReference; fileEncoding = 4; lastKnownFileType = sourcecode.swift; path = RippleLayer.swift; sourceTree = "<group>"; };
/* End PBXFileReference section */

/* Begin PBXFrameworksBuildPhase section */
		4F1256961E1EEE3300C1FCBA /* Frameworks */ = {
			isa = PBXFrameworksBuildPhase;
			buildActionMask = 2147483647;
			files = (
			);
			runOnlyForDeploymentPostprocessing = 0;
		};
/* End PBXFrameworksBuildPhase section */

/* Begin PBXGroup section */
		4F1256901E1EEE3300C1FCBA = {
			isa = PBXGroup;
			children = (
				4F12569B1E1EEE3300C1FCBA /* Ripple-Animation */,
				4F12569A1E1EEE3300C1FCBA /* Products */,
			);
			sourceTree = "<group>";
		};
		4F12569A1E1EEE3300C1FCBA /* Products */ = {
			isa = PBXGroup;
			children = (
				4F1256991E1EEE3300C1FCBA /* Ripple-Animation.app */,
			);
			name = Products;
			sourceTree = "<group>";
		};
		4F12569B1E1EEE3300C1FCBA /* Ripple-Animation */ = {
			isa = PBXGroup;
			children = (
				4F1256AE1E1EEE8E00C1FCBA /* RippleLayer.swift */,
				4F12569C1E1EEE3300C1FCBA /* AppDelegate.swift */,
				4F12569E1E1EEE3300C1FCBA /* ViewController.swift */,
				4F1256A01E1EEE3300C1FCBA /* Main.storyboard */,
				4F1256A31E1EEE3300C1FCBA /* Assets.xcassets */,
				4F1256A51E1EEE3300C1FCBA /* LaunchScreen.storyboard */,
				4F1256A81E1EEE3300C1FCBA /* Info.plist */,
			);
			path = "Ripple-Animation";
			sourceTree = "<group>";
		};
/* End PBXGroup section */

/* Begin PBXNativeTarget section */
		4F1256981E1EEE3300C1FCBA /* Ripple-Animation */ = {
			isa = PBXNativeTarget;
			buildConfigurationList = 4F1256AB1E1EEE3300C1FCBA /* Build configuration list for PBXNativeTarget "Ripple-Animation" */;
			buildPhases = (
				4F1256951E1EEE3300C1FCBA /* Sources */,
				4F1256961E1EEE3300C1FCBA /* Frameworks */,
				4F1256971E1EEE3300C1FCBA /* Resources */,
			);
			buildRules = (
			);
			dependencies = (
			);
			name = "Ripple-Animation";
			productName = "Ripple-Animation";
			productReference = 4F1256991E1EEE3300C1FCBA /* Ripple-Animation.app */;
			productType = "com.apple.product-type.application";
		};
/* End PBXNativeTarget section */

/* Begin PBXProject section */
		4F1256911E1EEE3300C1FCBA /* Project object */ = {
			isa = PBXProject;
			attributes = {
				LastSwiftUpdateCheck = 0800;
				LastUpgradeCheck = 0800;
				ORGANIZATIONNAME = "Nikita Pahadia";
				TargetAttributes = {
					4F1256981E1EEE3300C1FCBA = {
						CreatedOnToolsVersion = 8.0;
						DevelopmentTeam = XGKHW634KL;
						ProvisioningStyle = Automatic;
					};
				};
			};
			buildConfigurationList = 4F1256941E1EEE3300C1FCBA /* Build configuration list for PBXProject "Ripple-Animation" */;
			compatibilityVersion = "Xcode 3.2";
			developmentRegion = English;
			hasScannedForEncodings = 0;
			knownRegions = (
				en,
				Base,
			);
			mainGroup = 4F1256901E1EEE3300C1FCBA;
			productRefGroup = 4F12569A1E1EEE3300C1FCBA /* Products */;
			projectDirPath = "";
			projectRoot = "";
			targets = (
				4F1256981E1EEE3300C1FCBA /* Ripple-Animation */,
			);
		};
/* End PBXProject section */

/* Begin PBXResourcesBuildPhase section */
		4F1256971E1EEE3300C1FCBA /* Resources */ = {
			isa = PBXResourcesBuildPhase;
			buildActionMask = 2147483647;
			files = (
				4F1256A71E1EEE3300C1FCBA /* LaunchScreen.storyboard in Resources */,
				4F1256A41E1EEE3300C1FCBA /* Assets.xcassets in Resources */,
				4F1256A21E1EEE3300C1FCBA /* Main.storyboard in Resources */,
			);
			runOnlyForDeploymentPostprocessing = 0;
		};
/* End PBXResourcesBuildPhase section */

/* Begin PBXSourcesBuildPhase section */
		4F1256951E1EEE3300C1FCBA /* Sources */ = {
			isa = PBXSourcesBuildPhase;
			buildActionMask = 2147483647;
			files = (
				4F12569F1E1EEE3300C1FCBA /* ViewController.swift in Sources */,
				4F1256AF1E1EEE8E00C1FCBA /* RippleLayer.swift in Sources */,
				4F12569D1E1EEE3300C1FCBA /* AppDelegate.swift in Sources */,
			);
			runOnlyForDeploymentPostprocessing = 0;
		};
/* End PBXSourcesBuildPhase section */

/* Begin PBXVariantGroup section */
		4F1256A01E1EEE3300C1FCBA /* Main.storyboard */ = {
			isa = PBXVariantGroup;
			children = (
				4F1256A11E1EEE3300C1FCBA /* Base */,
			);
			name = Main.storyboard;
			sourceTree = "<group>";
		};
		4F1256A51E1EEE3300C1FCBA /* LaunchScreen.storyboard */ = {
			isa = PBXVariantGroup;
			children = (
				4F1256A61E1EEE3300C1FCBA /* Base */,
			);
			name = LaunchScreen.storyboard;
			sourceTree = "<group>";
		};
/* End PBXVariantGroup section */

/* Begin XCBuildConfiguration section */
		4F1256A91E1EEE3300C1FCBA /* Debug */ = {
			isa = XCBuildConfiguration;
			buildSettings = {
				ALWAYS_SEARCH_USER_PATHS = NO;
				CLANG_ANALYZER_NONNULL = YES;
				CLANG_CXX_LANGUAGE_STANDARD = "gnu++0x";
				CLANG_CXX_LIBRARY = "libc++";
				CLANG_ENABLE_MODULES = YES;
				CLANG_ENABLE_OBJC_ARC = YES;
				CLANG_WARN_BOOL_CONVERSION = YES;
				CLANG_WARN_CONSTANT_CONVERSION = YES;
				CLANG_WARN_DIRECT_OBJC_ISA_USAGE = YES_ERROR;
				CLANG_WARN_DOCUMENTATION_COMMENTS = YES;
				CLANG_WARN_EMPTY_BODY = YES;
				CLANG_WARN_ENUM_CONVERSION = YES;
				CLANG_WARN_INFINITE_RECURSION = YES;
				CLANG_WARN_INT_CONVERSION = YES;
				CLANG_WARN_OBJC_ROOT_CLASS = YES_ERROR;
				CLANG_WARN_SUSPICIOUS_MOVES = YES;
				CLANG_WARN_UNREACHABLE_CODE = YES;
				CLANG_WARN__DUPLICATE_METHOD_MATCH = YES;
				"CODE_SIGN_IDENTITY[sdk=iphoneos*]" = "iPhone Developer";
				COPY_PHASE_STRIP = NO;
				DEBUG_INFORMATION_FORMAT = dwarf;
				ENABLE_STRICT_OBJC_MSGSEND = YES;
				ENABLE_TESTABILITY = YES;
				GCC_C_LANGUAGE_STANDARD = gnu99;
				GCC_DYNAMIC_NO_PIC = NO;
				GCC_NO_COMMON_BLOCKS = YES;
				GCC_OPTIMIZATION_LEVEL = 0;
				GCC_PREPROCESSOR_DEFINITIONS = (
					"DEBUG=1",
					"$(inherited)",
				);
				GCC_WARN_64_TO_32_BIT_CONVERSION = YES;
				GCC_WARN_ABOUT_RETURN_TYPE = YES_ERROR;
				GCC_WARN_UNDECLARED_SELECTOR = YES;
				GCC_WARN_UNINITIALIZED_AUTOS = YES_AGGRESSIVE;
				GCC_WARN_UNUSED_FUNCTION = YES;
				GCC_WARN_UNUSED_VARIABLE = YES;
				IPHONEOS_DEPLOYMENT_TARGET = 10.0;
				MTL_ENABLE_DEBUG_INFO = YES;
				ONLY_ACTIVE_ARCH = YES;
				SDKROOT = iphoneos;
				SWIFT_ACTIVE_COMPILATION_CONDITIONS = DEBUG;
				SWIFT_OPTIMIZATION_LEVEL = "-Onone";
			};
			name = Debug;
		};
		4F1256AA1E1EEE3300C1FCBA /* Release */ = {
			isa = XCBuildConfiguration;
			buildSettings = {
				ALWAYS_SEARCH_USER_PATHS = NO;
				CLANG_ANALYZER_NONNULL = YES;
				CLANG_CXX_LANGUAGE_STANDARD = "gnu++0x";
				CLANG_CXX_LIBRARY = "libc++";
				CLANG_ENABLE_MODULES = YES;
				CLANG_ENABLE_OBJC_ARC = YES;
				CLANG_WARN_BOOL_CONVERSION = YES;
				CLANG_WARN_CONSTANT_CONVERSION = YES;
				CLANG_WARN_DIRECT_OBJC_ISA_USAGE = YES_ERROR;
				CLANG_WARN_DOCUMENTATION_COMMENTS = YES;
				CLANG_WARN_EMPTY_BODY = YES;
				CLANG_WARN_ENUM_CONVERSION = YES;
				CLANG_WARN_INFINITE_RECURSION = YES;
				CLANG_WARN_INT_CONVERSION = YES;
				CLANG_WARN_OBJC_ROOT_CLASS = YES_ERROR;
				CLANG_WARN_SUSPICIOUS_MOVES = YES;
				CLANG_WARN_UNREACHABLE_CODE = YES;
				CLANG_WARN__DUPLICATE_METHOD_MATCH = YES;
				"CODE_SIGN_IDENTITY[sdk=iphoneos*]" = "iPhone Developer";
				COPY_PHASE_STRIP = NO;
				DEBUG_INFORMATION_FORMAT = "dwarf-with-dsym";
				ENABLE_NS_ASSERTIONS = NO;
				ENABLE_STRICT_OBJC_MSGSEND = YES;
				GCC_C_LANGUAGE_STANDARD = gnu99;
				GCC_NO_COMMON_BLOCKS = YES;
				GCC_WARN_64_TO_32_BIT_CONVERSION = YES;
				GCC_WARN_ABOUT_RETURN_TYPE = YES_ERROR;
				GCC_WARN_UNDECLARED_SELECTOR = YES;
				GCC_WARN_UNINITIALIZED_AUTOS = YES_AGGRESSIVE;
				GCC_WARN_UNUSED_FUNCTION = YES;
				GCC_WARN_UNUSED_VARIABLE = YES;
				IPHONEOS_DEPLOYMENT_TARGET = 10.0;
				MTL_ENABLE_DEBUG_INFO = NO;
				SDKROOT = iphoneos;
				SWIFT_OPTIMIZATION_LEVEL = "-Owholemodule";
				VALIDATE_PRODUCT = YES;
			};
			name = Release;
		};
		4F1256AC1E1EEE3300C1FCBA /* Debug */ = {
			isa = XCBuildConfiguration;
			buildSettings = {
				ASSETCATALOG_COMPILER_APPICON_NAME = AppIcon;
				DEVELOPMENT_TEAM = XGKHW634KL;
				INFOPLIST_FILE = "Ripple-Animation/Info.plist";
				LD_RUNPATH_SEARCH_PATHS = "$(inherited) @executable_path/Frameworks";
				PRODUCT_BUNDLE_IDENTIFIER = "com.nikita.Ripple-Animation";
				PRODUCT_NAME = "$(TARGET_NAME)";
				SWIFT_VERSION = 3.0;
			};
			name = Debug;
		};
		4F1256AD1E1EEE3300C1FCBA /* Release */ = {
			isa = XCBuildConfiguration;
			buildSettings = {
				ASSETCATALOG_COMPILER_APPICON_NAME = AppIcon;
				DEVELOPMENT_TEAM = XGKHW634KL;
				INFOPLIST_FILE = "Ripple-Animation/Info.plist";
				LD_RUNPATH_SEARCH_PATHS = "$(inherited) @executable_path/Frameworks";
				PRODUCT_BUNDLE_IDENTIFIER = "com.nikita.Ripple-Animation";
				PRODUCT_NAME = "$(TARGET_NAME)";
				SWIFT_VERSION = 3.0;
			};
			name = Release;
		};
/* End XCBuildConfiguration section */

/* Begin XCConfigurationList section */
		4F1256941E1EEE3300C1FCBA /* Build configuration list for PBXProject "Ripple-Animation" */ = {
			isa = XCConfigurationList;
			buildConfigurations = (
				4F1256A91E1EEE3300C1FCBA /* Debug */,
				4F1256AA1E1EEE3300C1FCBA /* Release */,
			);
			defaultConfigurationIsVisible = 0;
			defaultConfigurationName = Release;
		};
		4F1256AB1E1EEE3300C1FCBA /* Build configuration list for PBXNativeTarget "Ripple-Animation" */ = {
			isa = XCConfigurationList;
			buildConfigurations = (
				4F1256AC1E1EEE3300C1FCBA /* Debug */,
				4F1256AD1E1EEE3300C1FCBA /* Release */,
			);
			defaultConfigurationIsVisible = 0;
			defaultConfigurationName = Release;
		};
/* End XCConfigurationList section */
	};
	rootObject = 4F1256911E1EEE3300C1FCBA /* Project object */;
}
